
Microsoft Visual Studio Solution File, Format Version 12.00
# Visual Studio 15
VisualStudioVersion = 15.0.27428.2015
MinimumVisualStudioVersion = 10.0.40219.1
Project("{FAE04EC0-301F-11D3-BF4B-00C04F79EFBC}") = "TestGit", "TestGit\TestGit.csproj", "{96A116D8-3DD5-4991-A078-C947A163729B}"
EndProject
Global
	GlobalSection(SolutionConfigurationPlatforms) = preSolution
		Debug|Any CPU = Debug|Any CPU
		Release|Any CPU = Release|Any CPU
	EndGlobalSection
	GlobalSection(ProjectConfigurationPlatforms) = postSolution
		{96A116D8-3DD5-4991-A078-C947A163729B}.Debug|Any CPU.ActiveCfg = Debug|Any CPU
		{96A116D8-3DD5-4991-A078-C947A163729B}.Debug|Any CPU.Build.0 = Debug|Any CPU
		{96A116D8-3DD5-4991-A078-C947A163729B}.Release|Any CPU.ActiveCfg = Release|Any CPU
		{96A116D8-3DD5-4991-A078-C947A163729B}.Release|Any CPU.Build.0 = Release|Any CPU
	EndGlobalSection
	GlobalSection(SolutionProperties) = preSolution
		HideSolutionNode = FALSE
	EndGlobalSection
	GlobalSection(ExtensibilityGlobals) = postSolution
		SolutionGuid = {FAED171E-E5CB-4EB7-87D3-0D503A3FD5C2}
	EndGlobalSection
EndGlobal
